// !$*UTF8*$!
{
	archiveVersion = 1;
	classes = {
	};
	objectVersion = 56;
	objects = {

/* Begin PBXBuildFile section */
		A1000001 /* AppDelegate.swift in Sources */ = {isa = PBXBuildFile; fileRef = A2000001; };
		A1000002 /* SceneDelegate.swift in Sources */ = {isa = PBXBuildFile; fileRef = A2000002; };
		A1000003 /* Device.swift in Sources */ = {isa = PBXBuildFile; fileRef = A2000003; };
		A1000004 /* RepairGuide.swift in Sources */ = {isa = PBXBuildFile; fileRef = A2000004; };
		A1000005 /* RepairStep.swift in Sources */ = {isa = PBXBuildFile; fileRef = A2000005; };
		A1000006 /* Component.swift in Sources */ = {isa = PBXBuildFile; fileRef = A2000006; };
		A1000007 /* IFixitService.swift in Sources */ = {isa = PBXBuildFile; fileRef = A2000007; };
		A1000008 /* DeviceDetectionService.swift in Sources */ = {isa = PBXBuildFile; fileRef = A2000008; };
		A1000009 /* DataManager.swift in Sources */ = {isa = PBXBuildFile; fileRef = A2000009; };
		A100000A /* ARViewController.swift in Sources */ = {isa = PBXBuildFile; fileRef = A200000A; };
		A100000B /* ARSceneManager.swift in Sources */ = {isa = PBXBuildFile; fileRef = A200000B; };
		A100000C /* ComponentOverlayNode.swift in Sources */ = {isa = PBXBuildFile; fileRef = A200000C; };
		A100000D /* AnnotationNode.swift in Sources */ = {isa = PBXBuildFile; fileRef = A200000D; };
		A100000E /* HighlightRenderer.swift in Sources */ = {isa = PBXBuildFile; fileRef = A200000E; };
		A100000F /* DeviceSelectorViewController.swift in Sources */ = {isa = PBXBuildFile; fileRef = A200000F; };
		A1000010 /* GuideListViewController.swift in Sources */ = {isa = PBXBuildFile; fileRef = A2000010; };
		A1000011 /* StepDetailViewController.swift in Sources */ = {isa = PBXBuildFile; fileRef = A2000011; };
		A1000012 /* StepCardView.swift in Sources */ = {isa = PBXBuildFile; fileRef = A2000012; };
		A1000013 /* ComponentInfoView.swift in Sources */ = {isa = PBXBuildFile; fileRef = A2000013; };
		A1000014 /* ProgressIndicatorView.swift in Sources */ = {isa = PBXBuildFile; fileRef = A2000014; };
		A1000015 /* DifficultyBadgeView.swift in Sources */ = {isa = PBXBuildFile; fileRef = A2000015; };
		A1000016 /* UIColor+Theme.swift in Sources */ = {isa = PBXBuildFile; fileRef = A2000016; };
		A1000017 /* UIView+Shadows.swift in Sources */ = {isa = PBXBuildFile; fileRef = A2000017; };
		A1000018 /* SCNVector3+Helpers.swift in Sources */ = {isa = PBXBuildFile; fileRef = A2000018; };
		A1000019 /* SampleDevices.json in Resources */ = {isa = PBXBuildFile; fileRef = A2000019; };
		A100001A /* Assets.xcassets in Resources */ = {isa = PBXBuildFile; fileRef = A200001A; };
		A100001B /* LaunchScreen.storyboard in Resources */ = {isa = PBXBuildFile; fileRef = A200001B; };
/* End PBXBuildFile section */

/* Begin PBXFileReference section */
		A2000001 /* AppDelegate.swift */ = {isa = PBXFileReference; lastKnownFileType = sourcecode.swift; path = AppDelegate.swift; sourceTree = "<group>"; };
		A2000002 /* SceneDelegate.swift */ = {isa = PBXFileReference; lastKnownFileType = sourcecode.swift; path = SceneDelegate.swift; sourceTree = "<group>"; };
		A2000003 /* Device.swift */ = {isa = PBXFileReference; lastKnownFileType = sourcecode.swift; path = Device.swift; sourceTree = "<group>"; };
		A2000004 /* RepairGuide.swift */ = {isa = PBXFileReference; lastKnownFileType = sourcecode.swift; path = RepairGuide.swift; sourceTree = "<group>"; };
		A2000005 /* RepairStep.swift */ = {isa = PBXFileReference; lastKnownFileType = sourcecode.swift; path = RepairStep.swift; sourceTree = "<group>"; };
		A2000006 /* Component.swift */ = {isa = PBXFileReference; lastKnownFileType = sourcecode.swift; path = Component.swift; sourceTree = "<group>"; };
		A2000007 /* IFixitService.swift */ = {isa = PBXFileReference; lastKnownFileType = sourcecode.swift; path = IFixitService.swift; sourceTree = "<group>"; };
		A2000008 /* DeviceDetectionService.swift */ = {isa = PBXFileReference; lastKnownFileType = sourcecode.swift; path = DeviceDetectionService.swift; sourceTree = "<group>"; };
		A2000009 /* DataManager.swift */ = {isa = PBXFileReference; lastKnownFileType = sourcecode.swift; path = DataManager.swift; sourceTree = "<group>"; };
		A200000A /* ARViewController.swift */ = {isa = PBXFileReference; lastKnownFileType = sourcecode.swift; path = ARViewController.swift; sourceTree = "<group>"; };
		A200000B /* ARSceneManager.swift */ = {isa = PBXFileReference; lastKnownFileType = sourcecode.swift; path = ARSceneManager.swift; sourceTree = "<group>"; };
		A200000C /* ComponentOverlayNode.swift */ = {isa = PBXFileReference; lastKnownFileType = sourcecode.swift; path = ComponentOverlayNode.swift; sourceTree = "<group>"; };
		A200000D /* AnnotationNode.swift */ = {isa = PBXFileReference; lastKnownFileType = sourcecode.swift; path = AnnotationNode.swift; sourceTree = "<group>"; };
		A200000E /* HighlightRenderer.swift */ = {isa = PBXFileReference; lastKnownFileType = sourcecode.swift; path = HighlightRenderer.swift; sourceTree = "<group>"; };
		A200000F /* DeviceSelectorViewController.swift */ = {isa = PBXFileReference; lastKnownFileType = sourcecode.swift; path = DeviceSelectorViewController.swift; sourceTree = "<group>"; };
		A2000010 /* GuideListViewController.swift */ = {isa = PBXFileReference; lastKnownFileType = sourcecode.swift; path = GuideListViewController.swift; sourceTree = "<group>"; };
		A2000011 /* StepDetailViewController.swift */ = {isa = PBXFileReference; lastKnownFileType = sourcecode.swift; path = StepDetailViewController.swift; sourceTree = "<group>"; };
		A2000012 /* StepCardView.swift */ = {isa = PBXFileReference; lastKnownFileType = sourcecode.swift; path = StepCardView.swift; sourceTree = "<group>"; };
		A2000013 /* ComponentInfoView.swift */ = {isa = PBXFileReference; lastKnownFileType = sourcecode.swift; path = ComponentInfoView.swift; sourceTree = "<group>"; };
		A2000014 /* ProgressIndicatorView.swift */ = {isa = PBXFileReference; lastKnownFileType = sourcecode.swift; path = ProgressIndicatorView.swift; sourceTree = "<group>"; };
		A2000015 /* DifficultyBadgeView.swift */ = {isa = PBXFileReference; lastKnownFileType = sourcecode.swift; path = DifficultyBadgeView.swift; sourceTree = "<group>"; };
		A2000016 /* UIColor+Theme.swift */ = {isa = PBXFileReference; lastKnownFileType = sourcecode.swift; path = "UIColor+Theme.swift"; sourceTree = "<group>"; };
		A2000017 /* UIView+Shadows.swift */ = {isa = PBXFileReference; lastKnownFileType = sourcecode.swift; path = "UIView+Shadows.swift"; sourceTree = "<group>"; };
		A2000018 /* SCNVector3+Helpers.swift */ = {isa = PBXFileReference; lastKnownFileType = sourcecode.swift; path = "SCNVector3+Helpers.swift"; sourceTree = "<group>"; };
		A2000019 /* SampleDevices.json */ = {isa = PBXFileReference; lastKnownFileType = text.json; path = SampleDevices.json; sourceTree = "<group>"; };
		A200001A /* Assets.xcassets */ = {isa = PBXFileReference; lastKnownFileType = folder.assetcatalog; path = Assets.xcassets; sourceTree = "<group>"; };
		A200001B /* LaunchScreen.storyboard */ = {isa = PBXFileReference; lastKnownFileType = file.storyboard; path = LaunchScreen.storyboard; sourceTree = "<group>"; };
		A200001C /* Info.plist */ = {isa = PBXFileReference; lastKnownFileType = text.plist.xml; path = Info.plist; sourceTree = "<group>"; };
		A2000020 /* RepairAR.app */ = {isa = PBXFileReference; explicitFileType = wrapper.application; includeInIndex = 0; path = RepairAR.app; sourceTree = BUILT_PRODUCTS_DIR; };
/* End PBXFileReference section */

/* Begin PBXFrameworksBuildPhase section */
		A3000001 /* Frameworks */ = {
			isa = PBXFrameworksBuildPhase;
			buildActionMask = 2147483647;
			files = (
			);
			runOnlyForDeploymentPostprocessing = 0;
		};
/* End PBXFrameworksBuildPhase section */

/* Begin PBXGroup section */
		A4000001 = {
			isa = PBXGroup;
			children = (
				A4000002 /* RepairAR */,
				A4000009 /* Products */,
			);
			sourceTree = "<group>";
		};
		A4000002 /* RepairAR */ = {
			isa = PBXGroup;
			children = (
				A2000001 /* AppDelegate.swift */,
				A2000002 /* SceneDelegate.swift */,
				A200001C /* Info.plist */,
				A200001A /* Assets.xcassets */,
				A200001B /* LaunchScreen.storyboard */,
				A4000003 /* Models */,
				A4000004 /* Services */,
				A4000005 /* AR */,
				A4000006 /* Views */,
				A4000007 /* Extensions */,
				A4000008 /* Resources */,
			);
			path = RepairAR;
			sourceTree = "<group>";
		};
		A4000003 /* Models */ = {
			isa = PBXGroup;
			children = (
				A2000003 /* Device.swift */,
				A2000004 /* RepairGuide.swift */,
				A2000005 /* RepairStep.swift */,
				A2000006 /* Component.swift */,
			);
			path = Models;
			sourceTree = "<group>";
		};
		A4000004 /* Services */ = {
			isa = PBXGroup;
			children = (
				A2000007 /* IFixitService.swift */,
				A2000008 /* DeviceDetectionService.swift */,
				A2000009 /* DataManager.swift */,
			);
			path = Services;
			sourceTree = "<group>";
		};
		A4000005 /* AR */ = {
			isa = PBXGroup;
			children = (
				A200000A /* ARViewController.swift */,
				A200000B /* ARSceneManager.swift */,
				A200000C /* ComponentOverlayNode.swift */,
				A200000D /* AnnotationNode.swift */,
				A200000E /* HighlightRenderer.swift */,
			);
			path = AR;
			sourceTree = "<group>";
		};
		A4000006 /* Views */ = {
			isa = PBXGroup;
			children = (
				A200000F /* DeviceSelectorViewController.swift */,
				A2000010 /* GuideListViewController.swift */,
				A2000011 /* StepDetailViewController.swift */,
				A2000012 /* StepCardView.swift */,
				A2000013 /* ComponentInfoView.swift */,
				A2000014 /* ProgressIndicatorView.swift */,
				A2000015 /* DifficultyBadgeView.swift */,
			);
			path = Views;
			sourceTree = "<group>";
		};
		A4000007 /* Extensions */ = {
			isa = PBXGroup;
			children = (
				A2000016 /* UIColor+Theme.swift */,
				A2000017 /* UIView+Shadows.swift */,
				A2000018 /* SCNVector3+Helpers.swift */,
			);
			path = Extensions;
			sourceTree = "<group>";
		};
		A4000008 /* Resources */ = {
			isa = PBXGroup;
			children = (
				A2000019 /* SampleDevices.json */,
			);
			path = Resources;
			sourceTree = "<group>";
		};
		A4000009 /* Products */ = {
			isa = PBXGroup;
			children = (
				A2000020 /* RepairAR.app */,
			);
			name = Products;
			sourceTree = "<group>";
		};
/* End PBXGroup section */

/* Begin PBXNativeTarget section */
		A5000001 /* RepairAR */ = {
			isa = PBXNativeTarget;
			buildConfigurationList = A7000003 /* Build configuration list for PBXNativeTarget "RepairAR" */;
			buildPhases = (
				A6000001 /* Sources */,
				A3000001 /* Frameworks */,
				A6000002 /* Resources */,
			);
			buildRules = (
			);
			dependencies = (
			);
			name = RepairAR;
			productName = RepairAR;
			productReference = A2000020 /* RepairAR.app */;
			productType = "com.apple.product-type.application";
		};
/* End PBXNativeTarget section */

/* Begin PBXProject section */
		A8000001 /* Project object */ = {
			isa = PBXProject;
			attributes = {
				BuildIndependentTargetsInParallel = 1;
				LastSwiftUpdateCheck = 1500;
				LastUpgradeCheck = 1500;
				TargetAttributes = {
					A5000001 = {
						CreatedOnToolsVersion = 15.0;
					};
				};
			};
			buildConfigurationList = A7000001 /* Build configuration list for PBXProject "RepairAR" */;
			compatibilityVersion = "Xcode 14.0";
			developmentRegion = en;
			hasScannedForEncodings = 0;
			knownRegions = (
				en,
				Base,
			);
			mainGroup = A4000001;
			productRefGroup = A4000009 /* Products */;
			projectDirPath = "";
			projectRoot = "";
			targets = (
				A5000001 /* RepairAR */,
			);
		};
/* End PBXProject section */

/* Begin PBXResourcesBuildPhase section */
		A6000002 /* Resources */ = {
			isa = PBXResourcesBuildPhase;
			buildActionMask = 2147483647;
			files = (
				A1000019 /* SampleDevices.json in Resources */,
				A100001A /* Assets.xcassets in Resources */,
				A100001B /* LaunchScreen.storyboard in Resources */,
			);
			runOnlyForDeploymentPostprocessing = 0;
		};
/* End PBXResourcesBuildPhase section */

/* Begin PBXSourcesBuildPhase section */
		A6000001 /* Sources */ = {
			isa = PBXSourcesBuildPhase;
			buildActionMask = 2147483647;
			files = (
				A1000001 /* AppDelegate.swift in Sources */,
				A1000002 /* SceneDelegate.swift in Sources */,
				A1000003 /* Device.swift in Sources */,
				A1000004 /* RepairGuide.swift in Sources */,
				A1000005 /* RepairStep.swift in Sources */,
				A1000006 /* Component.swift in Sources */,
				A1000007 /* IFixitService.swift in Sources */,
				A1000008 /* DeviceDetectionService.swift in Sources */,
				A1000009 /* DataManager.swift in Sources */,
				A100000A /* ARViewController.swift in Sources */,
				A100000B /* ARSceneManager.swift in Sources */,
				A100000C /* ComponentOverlayNode.swift in Sources */,
				A100000D /* AnnotationNode.swift in Sources */,
				A100000E /* HighlightRenderer.swift in Sources */,
				A100000F /* DeviceSelectorViewController.swift in Sources */,
				A1000010 /* GuideListViewController.swift in Sources */,
				A1000011 /* StepDetailViewController.swift in Sources */,
				A1000012 /* StepCardView.swift in Sources */,
				A1000013 /* ComponentInfoView.swift in Sources */,
				A1000014 /* ProgressIndicatorView.swift in Sources */,
				A1000015 /* DifficultyBadgeView.swift in Sources */,
				A1000016 /* UIColor+Theme.swift in Sources */,
				A1000017 /* UIView+Shadows.swift in Sources */,
				A1000018 /* SCNVector3+Helpers.swift in Sources */,
			);
			runOnlyForDeploymentPostprocessing = 0;
		};
/* End PBXSourcesBuildPhase section */

/* Begin XCBuildConfiguration section */
		A9000001 /* Debug */ = {
			isa = XCBuildConfiguration;
			buildSettings = {
				ALWAYS_SEARCH_USER_PATHS = NO;
				ASSETCATALOG_COMPILER_GENERATE_SWIFT_ASSET_SYMBOL_EXTENSIONS = YES;
				CLANG_ANALYZER_NONNULL = YES;
				CLANG_ANALYZER_NUMBER_OBJECT_CONVERSION = YES_AGGRESSIVE;
				CLANG_CXX_LANGUAGE_STANDARD = "gnu++20";
				CLANG_ENABLE_MODULES = YES;
				CLANG_ENABLE_OBJC_ARC = YES;
				CLANG_ENABLE_OBJC_WEAK = YES;
				CLANG_WARN_BLOCK_CAPTURE_AUTORELEASING = YES;
				CLANG_WARN_BOOL_CONVERSION = YES;
				CLANG_WARN_COMMA = YES;
				CLANG_WARN_CONSTANT_CONVERSION = YES;
				CLANG_WARN_DEPRECATED_OBJC_IMPLEMENTATIONS = YES;
				CLANG_WARN_DIRECT_OBJC_ISA_USAGE = YES_ERROR;
				CLANG_WARN_DOCUMENTATION_COMMENTS = YES;
				CLANG_WARN_EMPTY_BODY = YES;
				CLANG_WARN_ENUM_CONVERSION = YES;
				CLANG_WARN_INFINITE_RECURSION = YES;
				CLANG_WARN_INT_CONVERSION = YES;
				CLANG_WARN_NON_LITERAL_NULL_CONVERSION = YES;
				CLANG_WARN_OBJC_IMPLICIT_RETAIN_SELF = YES;
				CLANG_WARN_OBJC_LITERAL_CONVERSION = YES;
				CLANG_WARN_OBJC_ROOT_CLASS = YES_ERROR;
				CLANG_WARN_QUOTED_INCLUDE_IN_FRAMEWORK_HEADER = YES;
				CLANG_WARN_RANGE_LOOP_ANALYSIS = YES;
				CLANG_WARN_STRICT_PROTOTYPES = YES;
				CLANG_WARN_SUSPICIOUS_MOVE = YES;
				CLANG_WARN_UNGUARDED_AVAILABILITY = YES_AGGRESSIVE;
				CLANG_WARN_UNREACHABLE_CODE = YES;
				CLANG_WARN__DUPLICATE_METHOD_MATCH = YES;
				COPY_PHASE_STRIP = NO;
				DEBUG_INFORMATION_FORMAT = dwarf;
				ENABLE_STRICT_OBJC_MSGSEND = YES;
				ENABLE_TESTABILITY = YES;
				ENABLE_USER_SCRIPT_SANDBOXING = YES;
				GCC_C_LANGUAGE_STANDARD = gnu17;
				GCC_DYNAMIC_NO_PIC = NO;
				GCC_NO_COMMON_BLOCKS = YES;
				GCC_OPTIMIZATION_LEVEL = 0;
				GCC_PREPROCESSOR_DEFINITIONS = (
					"DEBUG=1",
					"$(inherited)",
				);
				GCC_WARN_64_TO_32_BIT_CONVERSION = YES;
				GCC_WARN_ABOUT_RETURN_TYPE = YES_ERROR;
				GCC_WARN_UNDECLARED_SELECTOR = YES;
				GCC_WARN_UNINITIALIZED_AUTOS = YES_AGGRESSIVE;
				GCC_WARN_UNUSED_FUNCTION = YES;
				GCC_WARN_UNUSED_VARIABLE = YES;
				IPHONEOS_DEPLOYMENT_TARGET = 16.0;
				MTL_ENABLE_DEBUG_INFO = INCLUDE_SOURCE;
				MTL_FAST_MATH = YES;
				ONLY_ACTIVE_ARCH = YES;
				SDKROOT = iphoneos;
				SWIFT_ACTIVE_COMPILATION_CONDITIONS = "DEBUG $(inherited)";
				SWIFT_OPTIMIZATION_LEVEL = "-Onone";
			};
			name = Debug;
		};
		A9000002 /* Release */ = {
			isa = XCBuildConfiguration;
			buildSettings = {
				ALWAYS_SEARCH_USER_PATHS = NO;
				ASSETCATALOG_COMPILER_GENERATE_SWIFT_ASSET_SYMBOL_EXTENSIONS = YES;
				CLANG_ANALYZER_NONNULL = YES;
				CLANG_ANALYZER_NUMBER_OBJECT_CONVERSION = YES_AGGRESSIVE;
				CLANG_CXX_LANGUAGE_STANDARD = "gnu++20";
				CLANG_ENABLE_MODULES = YES;
				CLANG_ENABLE_OBJC_ARC = YES;
				CLANG_ENABLE_OBJC_WEAK = YES;
				CLANG_WARN_BLOCK_CAPTURE_AUTORELEASING = YES;
				CLANG_WARN_BOOL_CONVERSION = YES;
				CLANG_WARN_COMMA = YES;
				CLANG_WARN_CONSTANT_CONVERSION = YES;
				CLANG_WARN_DEPRECATED_OBJC_IMPLEMENTATIONS = YES;
				CLANG_WARN_DIRECT_OBJC_ISA_USAGE = YES_ERROR;
				CLANG_WARN_DOCUMENTATION_COMMENTS = YES;
				CLANG_WARN_EMPTY_BODY = YES;
				CLANG_WARN_ENUM_CONVERSION = YES;
				CLANG_WARN_INFINITE_RECURSION = YES;
				CLANG_WARN_INT_CONVERSION = YES;
				CLANG_WARN_NON_LITERAL_NULL_CONVERSION = YES;
				CLANG_WARN_OBJC_IMPLICIT_RETAIN_SELF = YES;
				CLANG_WARN_OBJC_LITERAL_CONVERSION = YES;
				CLANG_WARN_OBJC_ROOT_CLASS = YES_ERROR;
				CLANG_WARN_QUOTED_INCLUDE_IN_FRAMEWORK_HEADER = YES;
				CLANG_WARN_RANGE_LOOP_ANALYSIS = YES;
				CLANG_WARN_STRICT_PROTOTYPES = YES;
				CLANG_WARN_SUSPICIOUS_MOVE = YES;
				CLANG_WARN_UNGUARDED_AVAILABILITY = YES_AGGRESSIVE;
				CLANG_WARN_UNREACHABLE_CODE = YES;
				CLANG_WARN__DUPLICATE_METHOD_MATCH = YES;
				COPY_PHASE_STRIP = NO;
				DEBUG_INFORMATION_FORMAT = "dwarf-with-dsym";
				ENABLE_NS_ASSERTIONS = NO;
				ENABLE_STRICT_OBJC_MSGSEND = YES;
				ENABLE_USER_SCRIPT_SANDBOXING = YES;
				GCC_C_LANGUAGE_STANDARD = gnu17;
				GCC_NO_COMMON_BLOCKS = YES;
				GCC_WARN_64_TO_32_BIT_CONVERSION = YES;
				GCC_WARN_ABOUT_RETURN_TYPE = YES_ERROR;
				GCC_WARN_UNDECLARED_SELECTOR = YES;
				GCC_WARN_UNINITIALIZED_AUTOS = YES_AGGRESSIVE;
				GCC_WARN_UNUSED_FUNCTION = YES;
				GCC_WARN_UNUSED_VARIABLE = YES;
				IPHONEOS_DEPLOYMENT_TARGET = 16.0;
				MTL_ENABLE_DEBUG_INFO = NO;
				MTL_FAST_MATH = YES;
				SDKROOT = iphoneos;
				SWIFT_COMPILATION_MODE = wholemodule;
				VALIDATE_PRODUCT = YES;
			};
			name = Release;
		};
		A9000003 /* Debug */ = {
			isa = XCBuildConfiguration;
			buildSettings = {
				ASSETCATALOG_COMPILER_APPICON_NAME = AppIcon;
				ASSETCATALOG_COMPILER_GLOBAL_ACCENT_COLOR_NAME = AccentColor;
				CODE_SIGN_STYLE = Automatic;
				CURRENT_PROJECT_VERSION = 1;
				GENERATE_INFOPLIST_FILE = YES;
				INFOPLIST_FILE = RepairAR/Info.plist;
				INFOPLIST_KEY_UIApplicationSupportsIndirectInputEvents = YES;
				INFOPLIST_KEY_UILaunchStoryboardName = LaunchScreen;
				INFOPLIST_KEY_UISupportedInterfaceOrientations = UIInterfaceOrientationPortrait;
				LD_RUNPATH_SEARCH_PATHS = (
					"$(inherited)",
					"@executable_path/Frameworks",
				);
				MARKETING_VERSION = 1.0;
				PRODUCT_BUNDLE_IDENTIFIER = com.repairar.app;
				PRODUCT_NAME = "$(TARGET_NAME)";
				SUPPORTED_PLATFORMS = "iphoneos iphonesimulator";
				SUPPORTS_MACCATALYST = NO;
				SWIFT_EMIT_LOC_STRINGS = YES;
				SWIFT_VERSION = 5.0;
				TARGETED_DEVICE_FAMILY = "1,2";
			};
			name = Debug;
		};
		A9000004 /* Release */ = {
			isa = XCBuildConfiguration;
			buildSettings = {
				ASSETCATALOG_COMPILER_APPICON_NAME = AppIcon;
				ASSETCATALOG_COMPILER_GLOBAL_ACCENT_COLOR_NAME = AccentColor;
				CODE_SIGN_STYLE = Automatic;
				CURRENT_PROJECT_VERSION = 1;
				GENERATE_INFOPLIST_FILE = YES;
				INFOPLIST_FILE = RepairAR/Info.plist;
				INFOPLIST_KEY_UIApplicationSupportsIndirectInputEvents = YES;
				INFOPLIST_KEY_UILaunchStoryboardName = LaunchScreen;
				INFOPLIST_KEY_UISupportedInterfaceOrientations = UIInterfaceOrientationPortrait;
				LD_RUNPATH_SEARCH_PATHS = (
					"$(inherited)",
					"@executable_path/Frameworks",
				);
				MARKETING_VERSION = 1.0;
				PRODUCT_BUNDLE_IDENTIFIER = com.repairar.app;
				PRODUCT_NAME = "$(TARGET_NAME)";
				SUPPORTED_PLATFORMS = "iphoneos iphonesimulator";
				SUPPORTS_MACCATALYST = NO;
				SWIFT_EMIT_LOC_STRINGS = YES;
				SWIFT_VERSION = 5.0;
				TARGETED_DEVICE_FAMILY = "1,2";
			};
			name = Release;
		};
/* End XCBuildConfiguration section */

/* Begin XCConfigurationList section */
		A7000001 /* Build configuration list for PBXProject "RepairAR" */ = {
			isa = XCConfigurationList;
			buildConfigurations = (
				A9000001 /* Debug */,
				A9000002 /* Release */,
			);
			defaultConfigurationIsVisible = 0;
			defaultConfigurationName = Release;
		};
		A7000003 /* Build configuration list for PBXNativeTarget "RepairAR" */ = {
			isa = XCConfigurationList;
			buildConfigurations = (
				A9000003 /* Debug */,
				A9000004 /* Release */,
			);
			defaultConfigurationIsVisible = 0;
			defaultConfigurationName = Release;
		};
/* End XCConfigurationList section */
	};
	rootObject = A8000001 /* Project object */;
}
